Microsoft Visual Studio Solution File, Format Version 11.00
# Visual Studio 2008

Project("{9DD8FA96-2B5D-08E5-ED72-26CDEDAB244D}") = "Gauntlet_team7", "Assembly-CSharp.csproj", "{A463C3F7-5C78-D6DB-2EA0-82A9C4650F3A}"
EndProject
Global
	GlobalSection(SolutionConfigurationPlatforms) = preSolution
		Debug|Any CPU = Debug|Any CPU
		Release|Any CPU = Release|Any CPU
	EndGlobalSection
	GlobalSection(ProjectConfigurationPlatforms) = postSolution
		{A463C3F7-5C78-D6DB-2EA0-82A9C4650F3A}.Debug|Any CPU.ActiveCfg = Debug|Any CPU
		{A463C3F7-5C78-D6DB-2EA0-82A9C4650F3A}.Debug|Any CPU.Build.0 = Debug|Any CPU
		{A463C3F7-5C78-D6DB-2EA0-82A9C4650F3A}.Release|Any CPU.ActiveCfg = Release|Any CPU
		{A463C3F7-5C78-D6DB-2EA0-82A9C4650F3A}.Release|Any CPU.Build.0 = Release|Any CPU
	EndGlobalSection
	GlobalSection(SolutionProperties) = preSolution
		HideSolutionNode = FALSE
	EndGlobalSection
						GlobalSection(MonoDevelopProperties) = preSolution
		StartupItem = Assembly-CSharp.csproj
		Policies = $0
		$0.TextStylePolicy = $1
		$1.inheritsSet = null
		$1.scope = text/x-csharp
		$0.CSharpFormattingPolicy = $2
		$2.inheritsSet = Mono
		$2.inheritsScope = text/x-csharp
		$2.scope = text/x-csharp
		$0.TextStylePolicy = $3
		$3.FileWidth = 120
		$3.TabWidth = 4
		$3.IndentWidth = 4
		$3.EolMarker = Unix
		$3.inheritsSet = Mono
		$3.inheritsScope = text/plain
		$3.scope = text/plain
	EndGlobalSection

EndGlobal
